<?xml version="1.0" encoding="utf-8"?>
<Project ToolsVersion="4.0" xmlns="http://schemas.microsoft.com/developer/msbuild/2003">
  <ItemGroup>
    <Text Include="shell.txt">
      <Filter>VBFileModels</Filter>
    </Text>
    <Text Include="cube.txt">
      <Filter>VBFileModels</Filter>
    </Text>
    <Text Include="terrainTex.txt">
      <Filter>VBFileModels</Filter>
    </Text>
  </ItemGroup>
  <ItemGroup>
    <Filter Include="VBFileModels">
      <UniqueIdentifier>{6697cb77-25ae-4be6-b1c9-f44a6aef5e66}</UniqueIdentifier>
    </Filter>
    <Filter Include="kenney">
      <UniqueIdentifier>{28a294bd-5129-46f7-bde5-ebeb758bdfd4}</UniqueIdentifier>
    </Filter>
  </ItemGroup>
  <ItemGroup>
    <MeshContentTask Include="..\..\..\Downloads\kenney_platformer-kit\Models\FBX format\arrow.fbx">
      <Filter>kenney</Filter>
    </MeshContentTask>
    <MeshContentTask Include="..\..\..\Downloads\kenney_platformer-kit\Models\FBX format\arrows.fbx">
      <Filter>kenney</Filter>
    </MeshContentTask>
    <MeshContentTask Include="..\..\..\Downloads\kenney_platformer-kit\Models\FBX format\barrel.fbx">
      <Filter>kenney</Filter>
    </MeshContentTask>
    <MeshContentTask Include="..\..\..\Downloads\kenney_platformer-kit\Models\FBX format\block.fbx">
      <Filter>kenney</Filter>
    </MeshContentTask>
    <MeshContentTask Include="..\..\..\Downloads\kenney_platformer-kit\Models\FBX format\blockCliff.fbx">
      <Filter>kenney</Filter>
    </MeshContentTask>
    <MeshContentTask Include="..\..\..\Downloads\kenney_platformer-kit\Models\FBX format\blockCliffCorner.fbx">
      <Filter>kenney</Filter>
    </MeshContentTask>
    <MeshContentTask Include="..\..\..\Downloads\kenney_platformer-kit\Models\FBX format\blockCornerLarge.fbx">
      <Filter>kenney</Filter>
    </MeshContentTask>
    <MeshContentTask Include="..\..\..\Downloads\kenney_platformer-kit\Models\FBX format\blockCornerSmall.fbx">
      <Filter>kenney</Filter>
    </MeshContentTask>
    <MeshContentTask Include="..\..\..\Downloads\kenney_platformer-kit\Models\FBX format\blockCurve.fbx">
      <Filter>kenney</Filter>
    </MeshContentTask>
    <MeshContentTask Include="..\..\..\Downloads\kenney_platformer-kit\Models\FBX format\blockCurveHalf.fbx">
      <Filter>kenney</Filter>
    </MeshContentTask>
    <MeshContentTask Include="..\..\..\Downloads\kenney_platformer-kit\Models\FBX format\blockCurveLow.fbx">
      <Filter>kenney</Filter>
    </MeshContentTask>
    <MeshContentTask Include="..\..\..\Downloads\kenney_platformer-kit\Models\FBX format\blockDirt.fbx">
      <Filter>kenney</Filter>
    </MeshContentTask>
    <MeshContentTask Include="..\..\..\Downloads\kenney_platformer-kit\Models\FBX format\blockDirtHalf.fbx">
      <Filter>kenney</Filter>
    </MeshContentTask>
    <MeshContentTask Include="..\..\..\Downloads\kenney_platformer-kit\Models\FBX format\blockDirtRamp.fbx">
      <Filter>kenney</Filter>
    </MeshContentTask>
    <MeshContentTask Include="..\..\..\Downloads\kenney_platformer-kit\Models\FBX format\blockDirtRampHalf.fbx">
      <Filter>kenney</Filter>
    </MeshContentTask>
    <MeshContentTask Include="..\..\..\Downloads\kenney_platformer-kit\Models\FBX format\blockEnd.fbx">
      <Filter>kenney</Filter>
    </MeshContentTask>
    <MeshContentTask Include="..\..\..\Downloads\kenney_platformer-kit\Models\FBX format\blockHalf.fbx">
      <Filter>kenney</Filter>
    </MeshContentTask>
    <MeshContentTask Include="..\..\..\Downloads\kenney_platformer-kit\Models\FBX format\blockHexagon.fbx">
      <Filter>kenney</Filter>
    </MeshContentTask>
    <MeshContentTask Include="..\..\..\Downloads\kenney_platformer-kit\Models\FBX format\blockHexagonLow.fbx">
      <Filter>kenney</Filter>
    </MeshContentTask>
    <MeshContentTask Include="..\..\..\Downloads\kenney_platformer-kit\Models\FBX format\blockLarge.fbx">
      <Filter>kenney</Filter>
    </MeshContentTask>
    <MeshContentTask Include="..\..\..\Downloads\kenney_platformer-kit\Models\FBX format\blockLevel.fbx">
      <Filter>kenney</Filter>
    </MeshContentTask>
    <MeshContentTask Include="..\..\..\Downloads\kenney_platformer-kit\Models\FBX format\blockLong.fbx">
      <Filter>kenney</Filter>
    </MeshContentTask>
    <MeshContentTask Include="..\..\..\Downloads\kenney_platformer-kit\Models\FBX format\blockMoving.fbx">
      <Filter>kenney</Filter>
    </MeshContentTask>
    <MeshContentTask Include="..\..\..\Downloads\kenney_platformer-kit\Models\FBX format\blockMovingBlue.fbx">
      <Filter>kenney</Filter>
    </MeshContentTask>
    <MeshContentTask Include="..\..\..\Downloads\kenney_platformer-kit\Models\FBX format\blockMovingLarge.fbx">
      <Filter>kenney</Filter>
    </MeshContentTask>
    <MeshContentTask Include="..\..\..\Downloads\kenney_platformer-kit\Models\FBX format\blockQuarter.fbx">
      <Filter>kenney</Filter>
    </MeshContentTask>
    <MeshContentTask Include="..\..\..\Downloads\kenney_platformer-kit\Models\FBX format\blockRounded.fbx">
      <Filter>kenney</Filter>
    </MeshContentTask>
    <MeshContentTask Include="..\..\..\Downloads\kenney_platformer-kit\Models\FBX format\blockRoundedLarge.fbx">
      <Filter>kenney</Filter>
    </MeshContentTask>
    <MeshContentTask Include="..\..\..\Downloads\kenney_platformer-kit\Models\FBX format\blockRoundedLong.fbx">
      <Filter>kenney</Filter>
    </MeshContentTask>
    <MeshContentTask Include="..\..\..\Downloads\kenney_platformer-kit\Models\FBX format\blockRoundedLow.fbx">
      <Filter>kenney</Filter>
    </MeshContentTask>
    <MeshContentTask Include="..\..\..\Downloads\kenney_platformer-kit\Models\FBX format\blockRoundedLowLong.fbx">
      <Filter>kenney</Filter>
    </MeshContentTask>
    <MeshContentTask Include="..\..\..\Downloads\kenney_platformer-kit\Models\FBX format\blockSlope.fbx">
      <Filter>kenney</Filter>
    </MeshContentTask>
    <MeshContentTask Include="..\..\..\Downloads\kenney_platformer-kit\Models\FBX format\blockSlopeHalf.fbx">
      <Filter>kenney</Filter>
    </MeshContentTask>
    <MeshContentTask Include="..\..\..\Downloads\kenney_platformer-kit\Models\FBX format\blockSnow.fbx">
      <Filter>kenney</Filter>
    </MeshContentTask>
    <MeshContentTask Include="..\..\..\Downloads\kenney_platformer-kit\Models\FBX format\blockSnowCliff.fbx">
      <Filter>kenney</Filter>
    </MeshContentTask>
    <MeshContentTask Include="..\..\..\Downloads\kenney_platformer-kit\Models\FBX format\blockSnowCliffCorner.fbx">
      <Filter>kenney</Filter>
    </MeshContentTask>
    <MeshContentTask Include="..\..\..\Downloads\kenney_platformer-kit\Models\FBX format\blockSnowCornerLarge.fbx">
      <Filter>kenney</Filter>
    </MeshContentTask>
    <MeshContentTask Include="..\..\..\Downloads\kenney_platformer-kit\Models\FBX format\blockSnowCornerSmall.fbx">
      <Filter>kenney</Filter>
    </MeshContentTask>
    <MeshContentTask Include="..\..\..\Downloads\kenney_platformer-kit\Models\FBX format\blockSnowCurve.fbx">
      <Filter>kenney</Filter>
    </MeshContentTask>
    <MeshContentTask Include="..\..\..\Downloads\kenney_platformer-kit\Models\FBX format\blockSnowCurveHalf.fbx">
      <Filter>kenney</Filter>
    </MeshContentTask>
    <MeshContentTask Include="..\..\..\Downloads\kenney_platformer-kit\Models\FBX format\blockSnowCurveLow.fbx">
      <Filter>kenney</Filter>
    </MeshContentTask>
    <MeshContentTask Include="..\..\..\Downloads\kenney_platformer-kit\Models\FBX format\blockSnowEnd.fbx">
      <Filter>kenney</Filter>
    </MeshContentTask>
    <MeshContentTask Include="..\..\..\Downloads\kenney_platformer-kit\Models\FBX format\blockSnowHalf.fbx">
      <Filter>kenney</Filter>
    </MeshContentTask>
    <MeshContentTask Include="..\..\..\Downloads\kenney_platformer-kit\Models\FBX format\blockSnowHexagon.fbx">
      <Filter>kenney</Filter>
    </MeshContentTask>
    <MeshContentTask Include="..\..\..\Downloads\kenney_platformer-kit\Models\FBX format\blockSnowHexagonLow.fbx">
      <Filter>kenney</Filter>
    </MeshContentTask>
    <MeshContentTask Include="..\..\..\Downloads\kenney_platformer-kit\Models\FBX format\blockSnowLarge.fbx">
      <Filter>kenney</Filter>
    </MeshContentTask>
    <MeshContentTask Include="..\..\..\Downloads\kenney_platformer-kit\Models\FBX format\blockSnowLevel.fbx">
      <Filter>kenney</Filter>
    </MeshContentTask>
    <MeshContentTask Include="..\..\..\Downloads\kenney_platformer-kit\Models\FBX format\blockSnowLong.fbx">
      <Filter>kenney</Filter>
    </MeshContentTask>
    <MeshContentTask Include="..\..\..\Downloads\kenney_platformer-kit\Models\FBX format\blockSnowQuarter.fbx">
      <Filter>kenney</Filter>
    </MeshContentTask>
    <MeshContentTask Include="..\..\..\Downloads\kenney_platformer-kit\Models\FBX format\blockSnowRounded.fbx">
      <Filter>kenney</Filter>
    </MeshContentTask>
    <MeshContentTask Include="..\..\..\Downloads\kenney_platformer-kit\Models\FBX format\blockSnowRoundedLarge.fbx">
      <Filter>kenney</Filter>
    </MeshContentTask>
    <MeshContentTask Include="..\..\..\Downloads\kenney_platformer-kit\Models\FBX format\blockSnowRoundedLong.fbx">
      <Filter>kenney</Filter>
    </MeshContentTask>
    <MeshContentTask Include="..\..\..\Downloads\kenney_platformer-kit\Models\FBX format\blockSnowRoundedLow.fbx">
      <Filter>kenney</Filter>
    </MeshContentTask>
    <MeshContentTask Include="..\..\..\Downloads\kenney_platformer-kit\Models\FBX format\blockSnowRoundedLowLong.fbx">
      <Filter>kenney</Filter>
    </MeshContentTask>
    <MeshContentTask Include="..\..\..\Downloads\kenney_platformer-kit\Models\FBX format\blockSnowSlope.fbx">
      <Filter>kenney</Filter>
    </MeshContentTask>
    <MeshContentTask Include="..\..\..\Downloads\kenney_platformer-kit\Models\FBX format\blockSnowSlopeHalf.fbx">
      <Filter>kenney</Filter>
    </MeshContentTask>
    <MeshContentTask Include="..\..\..\Downloads\kenney_platformer-kit\Models\FBX format\bomb.fbx">
      <Filter>kenney</Filter>
    </MeshContentTask>
    <MeshContentTask Include="..\..\..\Downloads\kenney_platformer-kit\Models\FBX format\bridge.fbx">
      <Filter>kenney</Filter>
    </MeshContentTask>
    <MeshContentTask Include="..\..\..\Downloads\kenney_platformer-kit\Models\FBX format\bridgeHalf.fbx">
      <Filter>kenney</Filter>
    </MeshContentTask>
    <MeshContentTask Include="..\..\..\Downloads\kenney_platformer-kit\Models\FBX format\bridgeRamp.fbx">
      <Filter>kenney</Filter>
    </MeshContentTask>
    <MeshContentTask Include="..\..\..\Downloads\kenney_platformer-kit\Models\FBX format\buttonRound.fbx">
      <Filter>kenney</Filter>
    </MeshContentTask>
    <MeshContentTask Include="..\..\..\Downloads\kenney_platformer-kit\Models\FBX format\buttonSquare.fbx">
      <Filter>kenney</Filter>
    </MeshContentTask>
    <MeshContentTask Include="..\..\..\Downloads\kenney_platformer-kit\Models\FBX format\chest.fbx">
      <Filter>kenney</Filter>
    </MeshContentTask>
    <MeshContentTask Include="..\..\..\Downloads\kenney_platformer-kit\Models\FBX format\coinBronze.fbx">
      <Filter>kenney</Filter>
    </MeshContentTask>
    <MeshContentTask Include="..\..\..\Downloads\kenney_platformer-kit\Models\FBX format\coinGold.fbx">
      <Filter>kenney</Filter>
    </MeshContentTask>
    <MeshContentTask Include="..\..\..\Downloads\kenney_platformer-kit\Models\FBX format\coinSilver.fbx">
      <Filter>kenney</Filter>
    </MeshContentTask>
    <MeshContentTask Include="..\..\..\Downloads\kenney_platformer-kit\Models\FBX format\crate.fbx">
      <Filter>kenney</Filter>
    </MeshContentTask>
    <MeshContentTask Include="..\..\..\Downloads\kenney_platformer-kit\Models\FBX format\crateItem.fbx">
      <Filter>kenney</Filter>
    </MeshContentTask>
    <MeshContentTask Include="..\..\..\Downloads\kenney_platformer-kit\Models\FBX format\crateItemStrong.fbx">
      <Filter>kenney</Filter>
    </MeshContentTask>
    <MeshContentTask Include="..\..\..\Downloads\kenney_platformer-kit\Models\FBX format\crateStrong.fbx">
      <Filter>kenney</Filter>
    </MeshContentTask>
    <MeshContentTask Include="..\..\..\Downloads\kenney_platformer-kit\Models\FBX format\doorClosed.fbx">
      <Filter>kenney</Filter>
    </MeshContentTask>
    <MeshContentTask Include="..\..\..\Downloads\kenney_platformer-kit\Models\FBX format\doorLargeClosed.fbx">
      <Filter>kenney</Filter>
    </MeshContentTask>
    <MeshContentTask Include="..\..\..\Downloads\kenney_platformer-kit\Models\FBX format\doorLargeOpen.fbx">
      <Filter>kenney</Filter>
    </MeshContentTask>
    <MeshContentTask Include="..\..\..\Downloads\kenney_platformer-kit\Models\FBX format\doorOpen.fbx">
      <Filter>kenney</Filter>
    </MeshContentTask>
    <MeshContentTask Include="..\..\..\Downloads\kenney_platformer-kit\Models\FBX format\fence.fbx">
      <Filter>kenney</Filter>
    </MeshContentTask>
    <MeshContentTask Include="..\..\..\Downloads\kenney_platformer-kit\Models\FBX format\fenceBroken.fbx">
      <Filter>kenney</Filter>
    </MeshContentTask>
    <MeshContentTask Include="..\..\..\Downloads\kenney_platformer-kit\Models\FBX format\fenceCorner.fbx">
      <Filter>kenney</Filter>
    </MeshContentTask>
    <MeshContentTask Include="..\..\..\Downloads\kenney_platformer-kit\Models\FBX format\fenceCornerCurved.fbx">
      <Filter>kenney</Filter>
    </MeshContentTask>
    <MeshContentTask Include="..\..\..\Downloads\kenney_platformer-kit\Models\FBX format\fenceLow.fbx">
      <Filter>kenney</Filter>
    </MeshContentTask>
    <MeshContentTask Include="..\..\..\Downloads\kenney_platformer-kit\Models\FBX format\fenceLowBroken.fbx">
      <Filter>kenney</Filter>
    </MeshContentTask>
    <MeshContentTask Include="..\..\..\Downloads\kenney_platformer-kit\Models\FBX format\fenceLowCorner.fbx">
      <Filter>kenney</Filter>
    </MeshContentTask>
    <MeshContentTask Include="..\..\..\Downloads\kenney_platformer-kit\Models\FBX format\fenceLowCornerCurved.fbx">
      <Filter>kenney</Filter>
    </MeshContentTask>
    <MeshContentTask Include="..\..\..\Downloads\kenney_platformer-kit\Models\FBX format\flag.fbx">
      <Filter>kenney</Filter>
    </MeshContentTask>
    <MeshContentTask Include="..\..\..\Downloads\kenney_platformer-kit\Models\FBX format\flowers.fbx">
      <Filter>kenney</Filter>
    </MeshContentTask>
    <MeshContentTask Include="..\..\..\Downloads\kenney_platformer-kit\Models\FBX format\flowersLow.fbx">
      <Filter>kenney</Filter>
    </MeshContentTask>
    <MeshContentTask Include="..\..\..\Downloads\kenney_platformer-kit\Models\FBX format\heart.fbx">
      <Filter>kenney</Filter>
    </MeshContentTask>
    <MeshContentTask Include="..\..\..\Downloads\kenney_platformer-kit\Models\FBX format\hedge.fbx">
      <Filter>kenney</Filter>
    </MeshContentTask>
    <MeshContentTask Include="..\..\..\Downloads\kenney_platformer-kit\Models\FBX format\hedgeCorner.fbx">
      <Filter>kenney</Filter>
    </MeshContentTask>
    <MeshContentTask Include="..\..\..\Downloads\Base Humanoid Mesh\Base Humanoid Mesh\Humanoid.fbx">
      <Filter>kenney</Filter>
    </MeshContentTask>
    <MeshContentTask Include="..\..\..\Downloads\kenney_platformer-kit\Models\FBX format\jewel.fbx">
      <Filter>kenney</Filter>
    </MeshContentTask>
    <MeshContentTask Include="..\..\..\Downloads\kenney_platformer-kit\Models\FBX format\key.fbx">
      <Filter>kenney</Filter>
    </MeshContentTask>
    <MeshContentTask Include="..\..\..\Downloads\kenney_platformer-kit\Models\FBX format\ladder.fbx">
      <Filter>kenney</Filter>
    </MeshContentTask>
    <MeshContentTask Include="..\..\..\Downloads\kenney_platformer-kit\Models\FBX format\ladderBroken.fbx">
      <Filter>kenney</Filter>
    </MeshContentTask>
    <MeshContentTask Include="..\..\..\Downloads\kenney_platformer-kit\Models\FBX format\ladderLong.fbx">
      <Filter>kenney</Filter>
    </MeshContentTask>
    <MeshContentTask Include="..\..\..\Downloads\kenney_platformer-kit\Models\FBX format\lever.fbx">
      <Filter>kenney</Filter>
    </MeshContentTask>
    <MeshContentTask Include="..\..\..\Downloads\kenney_platformer-kit\Models\FBX format\lock.fbx">
      <Filter>kenney</Filter>
    </MeshContentTask>
    <MeshContentTask Include="..\..\..\Downloads\kenney_platformer-kit\Models\FBX format\mushrooms.fbx">
      <Filter>kenney</Filter>
    </MeshContentTask>
    <MeshContentTask Include="..\..\..\Downloads\kenney_platformer-kit\Models\FBX format\plant.fbx">
      <Filter>kenney</Filter>
    </MeshContentTask>
    <MeshContentTask Include="..\..\..\Downloads\kenney_platformer-kit\Models\FBX format\platform.fbx">
      <Filter>kenney</Filter>
    </MeshContentTask>
    <MeshContentTask Include="..\..\..\Downloads\kenney_platformer-kit\Models\FBX format\poles.fbx">
      <Filter>kenney</Filter>
    </MeshContentTask>
    <MeshContentTask Include="..\..\..\Downloads\kenney_platformer-kit\Models\FBX format\rocks.fbx">
      <Filter>kenney</Filter>
    </MeshContentTask>
    <MeshContentTask Include="..\..\..\Downloads\kenney_platformer-kit\Models\FBX format\saw.fbx">
      <Filter>kenney</Filter>
    </MeshContentTask>
    <MeshContentTask Include="..\..\..\Downloads\kenney_platformer-kit\Models\FBX format\sign.fbx">
      <Filter>kenney</Filter>
    </MeshContentTask>
    <MeshContentTask Include="..\..\..\Downloads\kenney_platformer-kit\Models\FBX format\spikeBlock.fbx">
      <Filter>kenney</Filter>
    </MeshContentTask>
    <MeshContentTask Include="..\..\..\Downloads\kenney_platformer-kit\Models\FBX format\spikeBlockWide.fbx">
      <Filter>kenney</Filter>
    </MeshContentTask>
    <MeshContentTask Include="..\..\..\Downloads\kenney_platformer-kit\Models\FBX format\spikes.fbx">
      <Filter>kenney</Filter>
    </MeshContentTask>
    <MeshContentTask Include="..\..\..\Downloads\kenney_platformer-kit\Models\FBX format\spikesHidden.fbx">
      <Filter>kenney</Filter>
    </MeshContentTask>
    <MeshContentTask Include="..\..\..\Downloads\kenney_platformer-kit\Models\FBX format\spikesLarge.fbx">
      <Filter>kenney</Filter>
    </MeshContentTask>
    <MeshContentTask Include="..\..\..\Downloads\kenney_platformer-kit\Models\FBX format\stones.fbx">
      <Filter>kenney</Filter>
    </MeshContentTask>
    <MeshContentTask Include="..\..\..\Downloads\kenney_platformer-kit\Models\FBX format\tree.fbx">
      <Filter>kenney</Filter>
    </MeshContentTask>
    <MeshContentTask Include="..\..\..\Downloads\kenney_platformer-kit\Models\FBX format\treePine.fbx">
      <Filter>kenney</Filter>
    </MeshContentTask>
    <MeshContentTask Include="..\..\..\Downloads\kenney_platformer-kit\Models\FBX format\treePineSmall.fbx">
      <Filter>kenney</Filter>
    </MeshContentTask>
    <MeshContentTask Include="..\..\..\Downloads\kenney_platformer-kit\Models\FBX format\treePineSmallSnow.fbx">
      <Filter>kenney</Filter>
    </MeshContentTask>
    <MeshContentTask Include="..\..\..\Downloads\kenney_platformer-kit\Models\FBX format\treePineSnow.fbx">
      <Filter>kenney</Filter>
    </MeshContentTask>
    <MeshContentTask Include="..\..\..\Downloads\kenney_platformer-kit\Models\FBX format\treeSnow.fbx">
      <Filter>kenney</Filter>
    </MeshContentTask>
    <MeshContentTask Include="Bird\BirdModelV1.fbx" />
    <MeshContentTask Include="Table\table.FBX" />
    <MeshContentTask Include="Vase\JEMINA vase -up.fbx" />
  </ItemGroup>
</Project>